
Microsoft Visual Studio Solution File, Format Version 12.00
# Visual Studio Version 17
VisualStudioVersion = 17.8.34330.188
MinimumVisualStudioVersion = 10.0.40219.1
Project("{9A19103F-16F7-4668-BE54-9A1E7A4F7556}") = "OnlineCV", "OnlineCV\OnlineCV.csproj", "{ED9379B5-1E65-4325-9B4C-CF8EB41EE938}"
EndProject
Project("{FAE04EC0-301F-11D3-BF4B-00C04F79EFBC}") = "CVEntity", "CVEntity\CVEntity.csproj", "{90D4CAFC-4213-4651-B1CB-9CE715FA23AB}"
EndProject
Global
	GlobalSection(SolutionConfigurationPlatforms) = preSolution
		Debug|Any CPU = Debug|Any CPU
		Release|Any CPU = Release|Any CPU
	EndGlobalSection
	GlobalSection(ProjectConfigurationPlatforms) = postSolution
		{ED9379B5-1E65-4325-9B4C-CF8EB41EE938}.Debug|Any CPU.ActiveCfg = Debug|Any CPU
		{ED9379B5-1E65-4325-9B4C-CF8EB41EE938}.Debug|Any CPU.Build.0 = Debug|Any CPU
		{ED9379B5-1E65-4325-9B4C-CF8EB41EE938}.Release|Any CPU.ActiveCfg = Release|Any CPU
		{ED9379B5-1E65-4325-9B4C-CF8EB41EE938}.Release|Any CPU.Build.0 = Release|Any CPU
		{90D4CAFC-4213-4651-B1CB-9CE715FA23AB}.Debug|Any CPU.ActiveCfg = Debug|Any CPU
		{90D4CAFC-4213-4651-B1CB-9CE715FA23AB}.Debug|Any CPU.Build.0 = Debug|Any CPU
		{90D4CAFC-4213-4651-B1CB-9CE715FA23AB}.Release|Any CPU.ActiveCfg = Release|Any CPU
		{90D4CAFC-4213-4651-B1CB-9CE715FA23AB}.Release|Any CPU.Build.0 = Release|Any CPU
	EndGlobalSection
	GlobalSection(SolutionProperties) = preSolution
		HideSolutionNode = FALSE
	EndGlobalSection
	GlobalSection(ExtensibilityGlobals) = postSolution
		SolutionGuid = {6853738C-D0DE-4DF9-BF09-84ADB094E06E}
	EndGlobalSection
EndGlobal
